lockfileVersion: '6.0'

settings:
  autoInstallPeers: true
  excludeLinksFromLockfile: false

dependencies:
  benchmark:
    specifier: ^2.1.4
    version: 2.1.4
  decimal.js:
    specifier: ^10.4.3
    version: 10.4.3
  decimal.js-light:
    specifier: ^2.5.1
    version: 2.5.1

devDependencies:
  '@types/benchmark':
    specifier: ^2.1.5
    version: 2.1.5
  '@types/node':
    specifier: ^20.11.26
    version: 20.11.26
  typescript:
    specifier: ^5.4.2
    version: 5.4.2

packages:

  /@types/benchmark@2.1.5:
    resolution: {integrity: sha512-cKio2eFB3v7qmKcvIHLUMw/dIx/8bhWPuzpzRT4unCPRTD8VdA9Zb0afxpcxOqR4PixRS7yT42FqGS8BYL8g1w==}
    dev: true

  /@types/node@20.11.26:
    resolution: {integrity: sha512-YwOMmyhNnAWijOBQweOJnQPl068Oqd4K3OFbTc6AHJwzweUwwWG3GIFY74OKks2PJUDkQPeddOQES9mLn1CTEQ==}
    dependencies:
      undici-types: 5.26.5
    dev: true

  /benchmark@2.1.4:
    resolution: {integrity: sha512-l9MlfN4M1K/H2fbhfMy3B7vJd6AGKJVQn2h6Sg/Yx+KckoUA7ewS5Vv6TjSq18ooE1kS9hhAlQRH3AkXIh/aOQ==}
    dependencies:
      lodash: 4.17.21
      platform: 1.3.6
    dev: false

  /decimal.js-light@2.5.1:
    resolution: {integrity: sha512-qIMFpTMZmny+MMIitAB6D7iVPEorVw6YQRWkvarTkT4tBeSLLiHzcwj6q0MmYSFCiVpiqPJTJEYIrpcPzVEIvg==}
    dev: false

  /decimal.js@10.4.3:
    resolution: {integrity: sha512-VBBaLc1MgL5XpzgIP7ny5Z6Nx3UrRkIViUkPUdtl9aya5amy3De1gsUUSB1g3+3sExYNjCAsAznmukyxCb1GRA==}
    dev: false

  /lodash@4.17.21:
    resolution: {integrity: sha512-v2kDEe57lecTulaDIuNTPy3Ry4gLGJ6Z1O3vE1krgXZNrsQ+LFTGHVxVjcXPs17LhbZVGedAJv8XZ1tvj5FvSg==}
    dev: false

  /platform@1.3.6:
    resolution: {integrity: sha512-fnWVljUchTro6RiCFvCXBbNhJc2NijN7oIQxbwsyL0buWJPG85v81ehlHI9fXrJsMNgTofEoWIQeClKpgxFLrg==}
    dev: false

  /typescript@5.4.2:
    resolution: {integrity: sha512-+2/g0Fds1ERlP6JsakQQDXjZdZMM+rqpamFZJEKh4kwTIn3iDkgKtby0CeNd5ATNZ4Ry1ax15TMx0W2V+miizQ==}
    engines: {node: '>=14.17'}
    hasBin: true
    dev: true

  /undici-types@5.26.5:
    resolution: {integrity: sha512-JlCMO+ehdEIKqlFxk6IfVoAUVmgz7cU7zD/h9XZ0qzeosSHmUJVOzSQvvYSYWXkFXC+IfLKSIffhv0sVZup6pA==}
    dev: true
